// !$*UTF8*$!
{
	archiveVersion = 1;
	classes = {
	};
	objectVersion = 46;
	objects = {

/* Begin PBXBuildFile section */
		C6045509153B8877004BAA1E /* ImageDownload.m in Sources */ = {isa = PBXBuildFile; fileRef = C6045508153B8877004BAA1E /* ImageDownload.m */; };
		C64F1769153E50550061491C /* MBProgressHUD.m in Sources */ = {isa = PBXBuildFile; fileRef = C64F1768153E50550061491C /* MBProgressHUD.m */; };
		C64F176B153E51690061491C /* hud_X.png in Resources */ = {isa = PBXBuildFile; fileRef = C64F176A153E51690061491C /* hud_X.png */; };
		C64F1794153E6A9D0061491C /* button_sel.png in Resources */ = {isa = PBXBuildFile; fileRef = C64F178C153E6A9D0061491C /* button_sel.png */; };
		C64F1795153E6A9D0061491C /* button_sel@2x.png in Resources */ = {isa = PBXBuildFile; fileRef = C64F178D153E6A9D0061491C /* button_sel@2x.png */; };
		C64F1796153E6A9D0061491C /* button_today_sel.png in Resources */ = {isa = PBXBuildFile; fileRef = C64F178E153E6A9D0061491C /* button_today_sel.png */; };
		C64F1797153E6A9D0061491C /* button_today_sel@2x.png in Resources */ = {isa = PBXBuildFile; fileRef = C64F178F153E6A9D0061491C /* button_today_sel@2x.png */; };
		C64F1798153E6A9D0061491C /* button_today.png in Resources */ = {isa = PBXBuildFile; fileRef = C64F1790153E6A9D0061491C /* button_today.png */; };
		C64F1799153E6A9D0061491C /* button_today@2x.png in Resources */ = {isa = PBXBuildFile; fileRef = C64F1791153E6A9D0061491C /* button_today@2x.png */; };
		C64F179A153E6A9D0061491C /* button.png in Resources */ = {isa = PBXBuildFile; fileRef = C64F1792153E6A9D0061491C /* button.png */; };
		C64F179B153E6A9D0061491C /* button@2x.png in Resources */ = {isa = PBXBuildFile; fileRef = C64F1793153E6A9D0061491C /* button@2x.png */; };
		C64F179F153E76CC0061491C /* ShowDetailView.m in Sources */ = {isa = PBXBuildFile; fileRef = C64F179D153E76CC0061491C /* ShowDetailView.m */; };
		C64F17A0153E76CC0061491C /* ShowDetailView.xib in Resources */ = {isa = PBXBuildFile; fileRef = C64F179E153E76CC0061491C /* ShowDetailView.xib */; };
		C64F17A3153E77E60061491C /* divider.png in Resources */ = {isa = PBXBuildFile; fileRef = C64F17A1153E77E60061491C /* divider.png */; };
		C64F17A6153E78470061491C /* divider@2x.png in Resources */ = {isa = PBXBuildFile; fileRef = C64F17A5153E78470061491C /* divider@2x.png */; };
		C656917C15427EA500BB1ED3 /* remind_cell_back.png in Resources */ = {isa = PBXBuildFile; fileRef = C656917A15427EA500BB1ED3 /* remind_cell_back.png */; };
		C656917D15427EA500BB1ED3 /* remind_cell_back@2x.png in Resources */ = {isa = PBXBuildFile; fileRef = C656917B15427EA500BB1ED3 /* remind_cell_back@2x.png */; };
		C6569181154283AF00BB1ED3 /* remind_header.png in Resources */ = {isa = PBXBuildFile; fileRef = C656917F154283AF00BB1ED3 /* remind_header.png */; };
		C6569182154283AF00BB1ED3 /* remind_header@2x.png in Resources */ = {isa = PBXBuildFile; fileRef = C6569180154283AF00BB1ED3 /* remind_header@2x.png */; };
		C65691851542850900BB1ED3 /* note.png in Resources */ = {isa = PBXBuildFile; fileRef = C65691831542850900BB1ED3 /* note.png */; };
		C65691861542850900BB1ED3 /* note@2x.png in Resources */ = {isa = PBXBuildFile; fileRef = C65691841542850900BB1ED3 /* note@2x.png */; };
		C65FFFE215425D5F00448FCC /* MessageCenter.m in Sources */ = {isa = PBXBuildFile; fileRef = C65FFFE015425D5F00448FCC /* MessageCenter.m */; };
		C65FFFE315425D5F00448FCC /* MessageCenter.xib in Resources */ = {isa = PBXBuildFile; fileRef = C65FFFE115425D5F00448FCC /* MessageCenter.xib */; };
		C65FFFED1542620000448FCC /* message_background.png in Resources */ = {isa = PBXBuildFile; fileRef = C65FFFEB1542620000448FCC /* message_background.png */; };
		C65FFFEE1542620000448FCC /* message_background@2x.png in Resources */ = {isa = PBXBuildFile; fileRef = C65FFFEC1542620000448FCC /* message_background@2x.png */; };
		C65FFFF515426BD100448FCC /* updated.png in Resources */ = {isa = PBXBuildFile; fileRef = C65FFFF315426BD100448FCC /* updated.png */; };
		C65FFFF615426BD100448FCC /* updated@2x.png in Resources */ = {isa = PBXBuildFile; fileRef = C65FFFF415426BD100448FCC /* updated@2x.png */; };
		C65FFFF9154271FB00448FCC /* ReminderCell.m in Sources */ = {isa = PBXBuildFile; fileRef = C65FFFF8154271FB00448FCC /* ReminderCell.m */; };
		C65FFFFB1542722500448FCC /* ReminderCell.xib in Resources */ = {isa = PBXBuildFile; fileRef = C65FFFFA1542722500448FCC /* ReminderCell.xib */; };
		C65FFFFE1542763600448FCC /* delete.png in Resources */ = {isa = PBXBuildFile; fileRef = C65FFFFC1542763600448FCC /* delete.png */; };
		C65FFFFF1542763600448FCC /* delete@2x.png in Resources */ = {isa = PBXBuildFile; fileRef = C65FFFFD1542763600448FCC /* delete@2x.png */; };
		C666D1CA153B2FE800C339CE /* UIKit.framework in Frameworks */ = {isa = PBXBuildFile; fileRef = C666D1C9153B2FE800C339CE /* UIKit.framework */; };
		C666D1CC153B2FE800C339CE /* Foundation.framework in Frameworks */ = {isa = PBXBuildFile; fileRef = C666D1CB153B2FE800C339CE /* Foundation.framework */; };
		C666D1CE153B2FE800C339CE /* CoreGraphics.framework in Frameworks */ = {isa = PBXBuildFile; fileRef = C666D1CD153B2FE800C339CE /* CoreGraphics.framework */; };
		C666D1D4153B2FE800C339CE /* InfoPlist.strings in Resources */ = {isa = PBXBuildFile; fileRef = C666D1D2153B2FE800C339CE /* InfoPlist.strings */; };
		C666D1D6153B2FE800C339CE /* main.m in Sources */ = {isa = PBXBuildFile; fileRef = C666D1D5153B2FE800C339CE /* main.m */; };
		C666D1DA153B2FE800C339CE /* NDTVAppDelegate.m in Sources */ = {isa = PBXBuildFile; fileRef = C666D1D9153B2FE800C339CE /* NDTVAppDelegate.m */; };
		C666D1DD153B2FE800C339CE /* NDTVScheduleView.m in Sources */ = {isa = PBXBuildFile; fileRef = C666D1DC153B2FE800C339CE /* NDTVScheduleView.m */; };
		C666D1E4153B2FE800C339CE /* NDTVNotifyView.m in Sources */ = {isa = PBXBuildFile; fileRef = C666D1E3153B2FE800C339CE /* NDTVNotifyView.m */; };
		C666D1EB153B2FE800C339CE /* NDTVScheduleView_iPhone.xib in Resources */ = {isa = PBXBuildFile; fileRef = C666D1E9153B2FE800C339CE /* NDTVScheduleView_iPhone.xib */; };
		C666D1F1153B2FE800C339CE /* NDTVNotifyView_iPhone.xib in Resources */ = {isa = PBXBuildFile; fileRef = C666D1EF153B2FE800C339CE /* NDTVNotifyView_iPhone.xib */; };
		C666D1FC153B2FE800C339CE /* SenTestingKit.framework in Frameworks */ = {isa = PBXBuildFile; fileRef = C666D1FB153B2FE800C339CE /* SenTestingKit.framework */; };
		C666D1FD153B2FE800C339CE /* UIKit.framework in Frameworks */ = {isa = PBXBuildFile; fileRef = C666D1C9153B2FE800C339CE /* UIKit.framework */; };
		C666D1FE153B2FE800C339CE /* Foundation.framework in Frameworks */ = {isa = PBXBuildFile; fileRef = C666D1CB153B2FE800C339CE /* Foundation.framework */; };
		C666D206153B2FE900C339CE /* InfoPlist.strings in Resources */ = {isa = PBXBuildFile; fileRef = C666D204153B2FE900C339CE /* InfoPlist.strings */; };
		C666D209153B2FE900C339CE /* Notre_Dame_TelevisionTests.m in Sources */ = {isa = PBXBuildFile; fileRef = C666D208153B2FE900C339CE /* Notre_Dame_TelevisionTests.m */; };
		C69893721540F598009FB9C4 /* remind.png in Resources */ = {isa = PBXBuildFile; fileRef = C69893701540F598009FB9C4 /* remind.png */; };
		C69893731540F598009FB9C4 /* remind@2x.png in Resources */ = {isa = PBXBuildFile; fileRef = C69893711540F598009FB9C4 /* remind@2x.png */; };
		C698937915410ECA009FB9C4 /* cancel_remind.png in Resources */ = {isa = PBXBuildFile; fileRef = C698937715410ECA009FB9C4 /* cancel_remind.png */; };
		C698937A15410ECA009FB9C4 /* cancel_remind@2x.png in Resources */ = {isa = PBXBuildFile; fileRef = C698937815410ECA009FB9C4 /* cancel_remind@2x.png */; };
		C69D8A21154324B800F5F801 /* .gitignore in Resources */ = {isa = PBXBuildFile; fileRef = C69D8A20154324B800F5F801 /* .gitignore */; };
		C6A756B0153C6AD60069D02B /* now.png in Resources */ = {isa = PBXBuildFile; fileRef = C6A756AE153C6AD60069D02B /* now.png */; };
		C6A756B1153C6AD60069D02B /* now@2x.png in Resources */ = {isa = PBXBuildFile; fileRef = C6A756AF153C6AD60069D02B /* now@2x.png */; };
		C6A756B5153C792A0069D02B /* masthead.png in Resources */ = {isa = PBXBuildFile; fileRef = C6A756B3153C792A0069D02B /* masthead.png */; };
		C6A756B6153C792A0069D02B /* masthead@2x.png in Resources */ = {isa = PBXBuildFile; fileRef = C6A756B4153C792A0069D02B /* masthead@2x.png */; };
		C6E326CF153FCFE5001C4635 /* detail_generic_logo.png in Resources */ = {isa = PBXBuildFile; fileRef = C6E326CD153FCFE5001C4635 /* detail_generic_logo.png */; };
		C6E326D0153FCFE5001C4635 /* detail_generic_logo@2x.png in Resources */ = {isa = PBXBuildFile; fileRef = C6E326CE153FCFE5001C4635 /* detail_generic_logo@2x.png */; };
		C6EBDE12153B541500896A75 /* ScheduleGrabber.m in Sources */ = {isa = PBXBuildFile; fileRef = C6EBDE11153B541500896A75 /* ScheduleGrabber.m */; };
		C6EC341A153B365300B05E64 /* ScheduleTableCell.m in Sources */ = {isa = PBXBuildFile; fileRef = C6EC3419153B365300B05E64 /* ScheduleTableCell.m */; };
		C6EC341C153B367C00B05E64 /* ScheduleTableCell_iPhone.xib in Resources */ = {isa = PBXBuildFile; fileRef = C6EC341B153B367C00B05E64 /* ScheduleTableCell_iPhone.xib */; };
		C6EC3434153B441B00B05E64 /* cell_background_iphone.png in Resources */ = {isa = PBXBuildFile; fileRef = C6EC3432153B441B00B05E64 /* cell_background_iphone.png */; };
		C6EC3435153B441B00B05E64 /* cell_background_iphone@2x.png in Resources */ = {isa = PBXBuildFile; fileRef = C6EC3433153B441B00B05E64 /* cell_background_iphone@2x.png */; };
		C6EC3438153B449A00B05E64 /* sched_table_back_iphone.png in Resources */ = {isa = PBXBuildFile; fileRef = C6EC3436153B449A00B05E64 /* sched_table_back_iphone.png */; };
		C6EC3439153B449A00B05E64 /* sched_table_back_iphone@2x.png in Resources */ = {isa = PBXBuildFile; fileRef = C6EC3437153B449A00B05E64 /* sched_table_back_iphone@2x.png */; };
		C6EC343F153B47F900B05E64 /* icon_iphone_high.png in Resources */ = {isa = PBXBuildFile; fileRef = C6EC343E153B47F900B05E64 /* icon_iphone_high.png */; };
		C6EC3441153B47FF00B05E64 /* icon_iphone.png in Resources */ = {isa = PBXBuildFile; fileRef = C6EC3440153B47FF00B05E64 /* icon_iphone.png */; };
		C6EC3443153B480600B05E64 /* icon_ipad.png in Resources */ = {isa = PBXBuildFile; fileRef = C6EC3442153B480600B05E64 /* icon_ipad.png */; };
		C6EC3447153B509A00B05E64 /* generic_logo.png in Resources */ = {isa = PBXBuildFile; fileRef = C6EC3446153B509A00B05E64 /* generic_logo.png */; };
		C6EC344A153B525000B05E64 /* reminder.png in Resources */ = {isa = PBXBuildFile; fileRef = C6EC3448153B525000B05E64 /* reminder.png */; };
		C6EC344B153B525000B05E64 /* reminder@2x.png in Resources */ = {isa = PBXBuildFile; fileRef = C6EC3449153B525000B05E64 /* reminder@2x.png */; };
		C6EFC9BB153B3172000F71E6 /* calendar.png in Resources */ = {isa = PBXBuildFile; fileRef = C6EFC9B9153B3172000F71E6 /* calendar.png */; };
		C6EFC9BC153B3172000F71E6 /* calendar@2x.png in Resources */ = {isa = PBXBuildFile; fileRef = C6EFC9BA153B3172000F71E6 /* calendar@2x.png */; };
/* End PBXBuildFile section */

/* Begin PBXContainerItemProxy section */
		C666D1FF153B2FE800C339CE /* PBXContainerItemProxy */ = {
			isa = PBXContainerItemProxy;
			containerPortal = C666D1BC153B2FE800C339CE /* Project object */;
			proxyType = 1;
			remoteGlobalIDString = C666D1C4153B2FE800C339CE;
			remoteInfo = "Notre Dame Television";
		};
/* End PBXContainerItemProxy section */

/* Begin PBXFileReference section */
		C6045507153B8877004BAA1E /* ImageDownload.h */ = {isa = PBXFileReference; fileEncoding = 4; lastKnownFileType = sourcecode.c.h; path = ImageDownload.h; sourceTree = "<group>"; };
		C6045508153B8877004BAA1E /* ImageDownload.m */ = {isa = PBXFileReference; fileEncoding = 4; lastKnownFileType = sourcecode.c.objc; path = ImageDownload.m; sourceTree = "<group>"; };
		C64F1767153E50550061491C /* MBProgressHUD.h */ = {isa = PBXFileReference; fileEncoding = 4; lastKnownFileType = sourcecode.c.h; path = MBProgressHUD.h; sourceTree = "<group>"; };
		C64F1768153E50550061491C /* MBProgressHUD.m */ = {isa = PBXFileReference; fileEncoding = 4; lastKnownFileType = sourcecode.c.objc; path = MBProgressHUD.m; sourceTree = "<group>"; };
		C64F176A153E51690061491C /* hud_X.png */ = {isa = PBXFileReference; lastKnownFileType = image.png; path = hud_X.png; sourceTree = "<group>"; };
		C64F178C153E6A9D0061491C /* button_sel.png */ = {isa = PBXFileReference; lastKnownFileType = image.png; path = button_sel.png; sourceTree = "<group>"; };
		C64F178D153E6A9D0061491C /* button_sel@2x.png */ = {isa = PBXFileReference; lastKnownFileType = image.png; path = "button_sel@2x.png"; sourceTree = "<group>"; };
		C64F178E153E6A9D0061491C /* button_today_sel.png */ = {isa = PBXFileReference; lastKnownFileType = image.png; path = button_today_sel.png; sourceTree = "<group>"; };
		C64F178F153E6A9D0061491C /* button_today_sel@2x.png */ = {isa = PBXFileReference; lastKnownFileType = image.png; path = "button_today_sel@2x.png"; sourceTree = "<group>"; };
		C64F1790153E6A9D0061491C /* button_today.png */ = {isa = PBXFileReference; lastKnownFileType = image.png; path = button_today.png; sourceTree = "<group>"; };
		C64F1791153E6A9D0061491C /* button_today@2x.png */ = {isa = PBXFileReference; lastKnownFileType = image.png; path = "button_today@2x.png"; sourceTree = "<group>"; };
		C64F1792153E6A9D0061491C /* button.png */ = {isa = PBXFileReference; lastKnownFileType = image.png; path = button.png; sourceTree = "<group>"; };
		C64F1793153E6A9D0061491C /* button@2x.png */ = {isa = PBXFileReference; lastKnownFileType = image.png; path = "button@2x.png"; sourceTree = "<group>"; };
		C64F179C153E76CC0061491C /* ShowDetailView.h */ = {isa = PBXFileReference; fileEncoding = 4; lastKnownFileType = sourcecode.c.h; path = ShowDetailView.h; sourceTree = "<group>"; };
		C64F179D153E76CC0061491C /* ShowDetailView.m */ = {isa = PBXFileReference; fileEncoding = 4; lastKnownFileType = sourcecode.c.objc; path = ShowDetailView.m; sourceTree = "<group>"; };
		C64F179E153E76CC0061491C /* ShowDetailView.xib */ = {isa = PBXFileReference; fileEncoding = 4; lastKnownFileType = file.xib; path = ShowDetailView.xib; sourceTree = "<group>"; };
		C64F17A1153E77E60061491C /* divider.png */ = {isa = PBXFileReference; lastKnownFileType = image.png; path = divider.png; sourceTree = "<group>"; };
		C64F17A5153E78470061491C /* divider@2x.png */ = {isa = PBXFileReference; lastKnownFileType = image.png; path = "divider@2x.png"; sourceTree = "<group>"; };
		C656917A15427EA500BB1ED3 /* remind_cell_back.png */ = {isa = PBXFileReference; lastKnownFileType = image.png; path = remind_cell_back.png; sourceTree = "<group>"; };
		C656917B15427EA500BB1ED3 /* remind_cell_back@2x.png */ = {isa = PBXFileReference; lastKnownFileType = image.png; path = "remind_cell_back@2x.png"; sourceTree = "<group>"; };
		C656917F154283AF00BB1ED3 /* remind_header.png */ = {isa = PBXFileReference; lastKnownFileType = image.png; path = remind_header.png; sourceTree = "<group>"; };
		C6569180154283AF00BB1ED3 /* remind_header@2x.png */ = {isa = PBXFileReference; lastKnownFileType = image.png; path = "remind_header@2x.png"; sourceTree = "<group>"; };
		C65691831542850900BB1ED3 /* note.png */ = {isa = PBXFileReference; lastKnownFileType = image.png; path = note.png; sourceTree = "<group>"; };
		C65691841542850900BB1ED3 /* note@2x.png */ = {isa = PBXFileReference; lastKnownFileType = image.png; path = "note@2x.png"; sourceTree = "<group>"; };
		C65FFFDF15425D5F00448FCC /* MessageCenter.h */ = {isa = PBXFileReference; fileEncoding = 4; lastKnownFileType = sourcecode.c.h; path = MessageCenter.h; sourceTree = "<group>"; };
		C65FFFE015425D5F00448FCC /* MessageCenter.m */ = {isa = PBXFileReference; fileEncoding = 4; lastKnownFileType = sourcecode.c.objc; path = MessageCenter.m; sourceTree = "<group>"; };
		C65FFFE115425D5F00448FCC /* MessageCenter.xib */ = {isa = PBXFileReference; fileEncoding = 4; lastKnownFileType = file.xib; path = MessageCenter.xib; sourceTree = "<group>"; };
		C65FFFEB1542620000448FCC /* message_background.png */ = {isa = PBXFileReference; lastKnownFileType = image.png; path = message_background.png; sourceTree = "<group>"; };
		C65FFFEC1542620000448FCC /* message_background@2x.png */ = {isa = PBXFileReference; lastKnownFileType = image.png; path = "message_background@2x.png"; sourceTree = "<group>"; };
		C65FFFF315426BD100448FCC /* updated.png */ = {isa = PBXFileReference; lastKnownFileType = image.png; path = updated.png; sourceTree = "<group>"; };
		C65FFFF415426BD100448FCC /* updated@2x.png */ = {isa = PBXFileReference; lastKnownFileType = image.png; path = "updated@2x.png"; sourceTree = "<group>"; };
		C65FFFF7154271FB00448FCC /* ReminderCell.h */ = {isa = PBXFileReference; fileEncoding = 4; lastKnownFileType = sourcecode.c.h; path = ReminderCell.h; sourceTree = "<group>"; };
		C65FFFF8154271FB00448FCC /* ReminderCell.m */ = {isa = PBXFileReference; fileEncoding = 4; lastKnownFileType = sourcecode.c.objc; path = ReminderCell.m; sourceTree = "<group>"; };
		C65FFFFA1542722500448FCC /* ReminderCell.xib */ = {isa = PBXFileReference; fileEncoding = 4; lastKnownFileType = file.xib; path = ReminderCell.xib; sourceTree = "<group>"; };
		C65FFFFC1542763600448FCC /* delete.png */ = {isa = PBXFileReference; lastKnownFileType = image.png; path = delete.png; sourceTree = "<group>"; };
		C65FFFFD1542763600448FCC /* delete@2x.png */ = {isa = PBXFileReference; lastKnownFileType = image.png; path = "delete@2x.png"; sourceTree = "<group>"; };
		C666D1C5153B2FE800C339CE /* NDtv.app */ = {isa = PBXFileReference; explicitFileType = wrapper.application; includeInIndex = 0; path = NDtv.app; sourceTree = BUILT_PRODUCTS_DIR; };
		C666D1C9153B2FE800C339CE /* UIKit.framework */ = {isa = PBXFileReference; lastKnownFileType = wrapper.framework; name = UIKit.framework; path = System/Library/Frameworks/UIKit.framework; sourceTree = SDKROOT; };
		C666D1CB153B2FE800C339CE /* Foundation.framework */ = {isa = PBXFileReference; lastKnownFileType = wrapper.framework; name = Foundation.framework; path = System/Library/Frameworks/Foundation.framework; sourceTree = SDKROOT; };
		C666D1CD153B2FE800C339CE /* CoreGraphics.framework */ = {isa = PBXFileReference; lastKnownFileType = wrapper.framework; name = CoreGraphics.framework; path = System/Library/Frameworks/CoreGraphics.framework; sourceTree = SDKROOT; };
		C666D1D1153B2FE800C339CE /* Notre Dame Television-Info.plist */ = {isa = PBXFileReference; lastKnownFileType = text.plist.xml; path = "Notre Dame Television-Info.plist"; sourceTree = "<group>"; };
		C666D1D3153B2FE800C339CE /* en */ = {isa = PBXFileReference; lastKnownFileType = text.plist.strings; name = en; path = en.lproj/InfoPlist.strings; sourceTree = "<group>"; };
		C666D1D5153B2FE800C339CE /* main.m */ = {isa = PBXFileReference; lastKnownFileType = sourcecode.c.objc; path = main.m; sourceTree = "<group>"; };
		C666D1D7153B2FE800C339CE /* Notre Dame Television-Prefix.pch */ = {isa = PBXFileReference; lastKnownFileType = sourcecode.c.h; path = "Notre Dame Television-Prefix.pch"; sourceTree = "<group>"; };
		C666D1D8153B2FE800C339CE /* NDTVAppDelegate.h */ = {isa = PBXFileReference; lastKnownFileType = sourcecode.c.h; path = NDTVAppDelegate.h; sourceTree = "<group>"; };
		C666D1D9153B2FE800C339CE /* NDTVAppDelegate.m */ = {isa = PBXFileReference; lastKnownFileType = sourcecode.c.objc; path = NDTVAppDelegate.m; sourceTree = "<group>"; };
		C666D1DB153B2FE800C339CE /* NDTVScheduleView.h */ = {isa = PBXFileReference; lastKnownFileType = sourcecode.c.h; path = NDTVScheduleView.h; sourceTree = "<group>"; };
		C666D1DC153B2FE800C339CE /* NDTVScheduleView.m */ = {isa = PBXFileReference; lastKnownFileType = sourcecode.c.objc; path = NDTVScheduleView.m; sourceTree = "<group>"; };
		C666D1E2153B2FE800C339CE /* NDTVNotifyView.h */ = {isa = PBXFileReference; lastKnownFileType = sourcecode.c.h; path = NDTVNotifyView.h; sourceTree = "<group>"; };
		C666D1E3153B2FE800C339CE /* NDTVNotifyView.m */ = {isa = PBXFileReference; lastKnownFileType = sourcecode.c.objc; path = NDTVNotifyView.m; sourceTree = "<group>"; };
		C666D1EA153B2FE800C339CE /* en */ = {isa = PBXFileReference; lastKnownFileType = file.xib; name = en; path = en.lproj/NDTVScheduleView_iPhone.xib; sourceTree = "<group>"; };
		C666D1F0153B2FE800C339CE /* en */ = {isa = PBXFileReference; lastKnownFileType = file.xib; name = en; path = en.lproj/NDTVNotifyView_iPhone.xib; sourceTree = "<group>"; };
		C666D1FA153B2FE800C339CE /* Notre Dame TelevisionTests.octest */ = {isa = PBXFileReference; explicitFileType = wrapper.cfbundle; includeInIndex = 0; path = "Notre Dame TelevisionTests.octest"; sourceTree = BUILT_PRODUCTS_DIR; };
		C666D1FB153B2FE800C339CE /* SenTestingKit.framework */ = {isa = PBXFileReference; lastKnownFileType = wrapper.framework; name = SenTestingKit.framework; path = Library/Frameworks/SenTestingKit.framework; sourceTree = DEVELOPER_DIR; };
		C666D203153B2FE900C339CE /* Notre Dame TelevisionTests-Info.plist */ = {isa = PBXFileReference; lastKnownFileType = text.plist.xml; path = "Notre Dame TelevisionTests-Info.plist"; sourceTree = "<group>"; };
		C666D205153B2FE900C339CE /* en */ = {isa = PBXFileReference; lastKnownFileType = text.plist.strings; name = en; path = en.lproj/InfoPlist.strings; sourceTree = "<group>"; };
		C666D207153B2FE900C339CE /* Notre_Dame_TelevisionTests.h */ = {isa = PBXFileReference; lastKnownFileType = sourcecode.c.h; path = Notre_Dame_TelevisionTests.h; sourceTree = "<group>"; };
		C666D208153B2FE900C339CE /* Notre_Dame_TelevisionTests.m */ = {isa = PBXFileReference; lastKnownFileType = sourcecode.c.objc; path = Notre_Dame_TelevisionTests.m; sourceTree = "<group>"; };
		C69893701540F598009FB9C4 /* remind.png */ = {isa = PBXFileReference; lastKnownFileType = image.png; path = remind.png; sourceTree = "<group>"; };
		C69893711540F598009FB9C4 /* remind@2x.png */ = {isa = PBXFileReference; lastKnownFileType = image.png; path = "remind@2x.png"; sourceTree = "<group>"; };
		C698937715410ECA009FB9C4 /* cancel_remind.png */ = {isa = PBXFileReference; lastKnownFileType = image.png; path = cancel_remind.png; sourceTree = "<group>"; };
		C698937815410ECA009FB9C4 /* cancel_remind@2x.png */ = {isa = PBXFileReference; lastKnownFileType = image.png; path = "cancel_remind@2x.png"; sourceTree = "<group>"; };
		C69D8A20154324B800F5F801 /* .gitignore */ = {isa = PBXFileReference; fileEncoding = 4; lastKnownFileType = text; path = .gitignore; sourceTree = "<group>"; };
		C6A756AE153C6AD60069D02B /* now.png */ = {isa = PBXFileReference; lastKnownFileType = image.png; path = now.png; sourceTree = "<group>"; };
		C6A756AF153C6AD60069D02B /* now@2x.png */ = {isa = PBXFileReference; lastKnownFileType = image.png; path = "now@2x.png"; sourceTree = "<group>"; };
		C6A756B3153C792A0069D02B /* masthead.png */ = {isa = PBXFileReference; lastKnownFileType = image.png; path = masthead.png; sourceTree = "<group>"; };
		C6A756B4153C792A0069D02B /* masthead@2x.png */ = {isa = PBXFileReference; lastKnownFileType = image.png; path = "masthead@2x.png"; sourceTree = "<group>"; };
		C6E326CD153FCFE5001C4635 /* detail_generic_logo.png */ = {isa = PBXFileReference; lastKnownFileType = image.png; path = detail_generic_logo.png; sourceTree = "<group>"; };
		C6E326CE153FCFE5001C4635 /* detail_generic_logo@2x.png */ = {isa = PBXFileReference; lastKnownFileType = image.png; path = "detail_generic_logo@2x.png"; sourceTree = "<group>"; };
		C6EBDE10153B541500896A75 /* ScheduleGrabber.h */ = {isa = PBXFileReference; fileEncoding = 4; lastKnownFileType = sourcecode.c.h; path = ScheduleGrabber.h; sourceTree = "<group>"; };
		C6EBDE11153B541500896A75 /* ScheduleGrabber.m */ = {isa = PBXFileReference; fileEncoding = 4; lastKnownFileType = sourcecode.c.objc; path = ScheduleGrabber.m; sourceTree = "<group>"; };
		C6EC3418153B365300B05E64 /* ScheduleTableCell.h */ = {isa = PBXFileReference; fileEncoding = 4; lastKnownFileType = sourcecode.c.h; path = ScheduleTableCell.h; sourceTree = "<group>"; };
		C6EC3419153B365300B05E64 /* ScheduleTableCell.m */ = {isa = PBXFileReference; fileEncoding = 4; lastKnownFileType = sourcecode.c.objc; path = ScheduleTableCell.m; sourceTree = "<group>"; };
		C6EC341B153B367C00B05E64 /* ScheduleTableCell_iPhone.xib */ = {isa = PBXFileReference; fileEncoding = 4; lastKnownFileType = file.xib; path = ScheduleTableCell_iPhone.xib; sourceTree = "<group>"; };
		C6EC3432153B441B00B05E64 /* cell_background_iphone.png */ = {isa = PBXFileReference; lastKnownFileType = image.png; path = cell_background_iphone.png; sourceTree = "<group>"; };
		C6EC3433153B441B00B05E64 /* cell_background_iphone@2x.png */ = {isa = PBXFileReference; lastKnownFileType = image.png; path = "cell_background_iphone@2x.png"; sourceTree = "<group>"; };
		C6EC3436153B449A00B05E64 /* sched_table_back_iphone.png */ = {isa = PBXFileReference; lastKnownFileType = image.png; path = sched_table_back_iphone.png; sourceTree = "<group>"; };
		C6EC3437153B449A00B05E64 /* sched_table_back_iphone@2x.png */ = {isa = PBXFileReference; lastKnownFileType = image.png; path = "sched_table_back_iphone@2x.png"; sourceTree = "<group>"; };
		C6EC343E153B47F900B05E64 /* icon_iphone_high.png */ = {isa = PBXFileReference; lastKnownFileType = image.png; name = icon_iphone_high.png; path = ../icon_iphone_high.png; sourceTree = "<group>"; };
		C6EC3440153B47FF00B05E64 /* icon_iphone.png */ = {isa = PBXFileReference; lastKnownFileType = image.png; name = icon_iphone.png; path = ../icon_iphone.png; sourceTree = "<group>"; };
		C6EC3442153B480600B05E64 /* icon_ipad.png */ = {isa = PBXFileReference; lastKnownFileType = image.png; name = icon_ipad.png; path = ../icon_ipad.png; sourceTree = "<group>"; };
		C6EC3446153B509A00B05E64 /* generic_logo.png */ = {isa = PBXFileReference; lastKnownFileType = image.png; path = generic_logo.png; sourceTree = "<group>"; };
		C6EC3448153B525000B05E64 /* reminder.png */ = {isa = PBXFileReference; lastKnownFileType = image.png; path = reminder.png; sourceTree = "<group>"; };
		C6EC3449153B525000B05E64 /* reminder@2x.png */ = {isa = PBXFileReference; lastKnownFileType = image.png; path = "reminder@2x.png"; sourceTree = "<group>"; };
		C6EFC9B9153B3172000F71E6 /* calendar.png */ = {isa = PBXFileReference; lastKnownFileType = image.png; path = calendar.png; sourceTree = "<group>"; };
		C6EFC9BA153B3172000F71E6 /* calendar@2x.png */ = {isa = PBXFileReference; lastKnownFileType = image.png; path = "calendar@2x.png"; sourceTree = "<group>"; };
/* End PBXFileReference section */

/* Begin PBXFrameworksBuildPhase section */
		C666D1C2153B2FE800C339CE /* Frameworks */ = {
			isa = PBXFrameworksBuildPhase;
			buildActionMask = 2147483647;
			files = (
				C666D1CA153B2FE800C339CE /* UIKit.framework in Frameworks */,
				C666D1CC153B2FE800C339CE /* Foundation.framework in Frameworks */,
				C666D1CE153B2FE800C339CE /* CoreGraphics.framework in Frameworks */,
			);
			runOnlyForDeploymentPostprocessing = 0;
		};
		C666D1F6153B2FE800C339CE /* Frameworks */ = {
			isa = PBXFrameworksBuildPhase;
			buildActionMask = 2147483647;
			files = (
				C666D1FC153B2FE800C339CE /* SenTestingKit.framework in Frameworks */,
				C666D1FD153B2FE800C339CE /* UIKit.framework in Frameworks */,
				C666D1FE153B2FE800C339CE /* Foundation.framework in Frameworks */,
			);
			runOnlyForDeploymentPostprocessing = 0;
		};
/* End PBXFrameworksBuildPhase section */

/* Begin PBXGroup section */
		C64F1765153E50400061491C /* HUD Class */ = {
			isa = PBXGroup;
			children = (
				C64F1767153E50550061491C /* MBProgressHUD.h */,
				C64F1768153E50550061491C /* MBProgressHUD.m */,
			);
			name = "HUD Class";
			sourceTree = "<group>";
		};
		C65FFFE51542605E00448FCC /* Message Center */ = {
			isa = PBXGroup;
			children = (
				C65FFFDF15425D5F00448FCC /* MessageCenter.h */,
				C65FFFE015425D5F00448FCC /* MessageCenter.m */,
				C65FFFE115425D5F00448FCC /* MessageCenter.xib */,
			);
			name = "Message Center";
			sourceTree = "<group>";
		};
		C65FFFE61542615500448FCC /* Message Center */ = {
			isa = PBXGroup;
			children = (
				C65FFFEB1542620000448FCC /* message_background.png */,
				C65FFFEC1542620000448FCC /* message_background@2x.png */,
			);
			name = "Message Center";
			sourceTree = "<group>";
		};
		C666D1BA153B2FE800C339CE = {
			isa = PBXGroup;
			children = (
				C69D8A20154324B800F5F801 /* .gitignore */,
				C666D1CF153B2FE800C339CE /* Notre Dame Television */,
				C666D201153B2FE800C339CE /* Notre Dame TelevisionTests */,
				C666D1C8153B2FE800C339CE /* Frameworks */,
				C666D1C6153B2FE800C339CE /* Products */,
			);
			sourceTree = "<group>";
		};
		C666D1C6153B2FE800C339CE /* Products */ = {
			isa = PBXGroup;
			children = (
				C666D1C5153B2FE800C339CE /* NDtv.app */,
				C666D1FA153B2FE800C339CE /* Notre Dame TelevisionTests.octest */,
			);
			name = Products;
			sourceTree = "<group>";
		};
		C666D1C8153B2FE800C339CE /* Frameworks */ = {
			isa = PBXGroup;
			children = (
				C666D1C9153B2FE800C339CE /* UIKit.framework */,
				C666D1CB153B2FE800C339CE /* Foundation.framework */,
				C666D1CD153B2FE800C339CE /* CoreGraphics.framework */,
				C666D1FB153B2FE800C339CE /* SenTestingKit.framework */,
			);
			name = Frameworks;
			sourceTree = "<group>";
		};
		C666D1CF153B2FE800C339CE /* Notre Dame Television */ = {
			isa = PBXGroup;
			children = (
				C65FFFE51542605E00448FCC /* Message Center */,
				C64F1765153E50400061491C /* HUD Class */,
				C6EC3431153B3FF600B05E64 /* Model Classes */,
				C6EC3414153B35D000B05E64 /* Table Classes */,
				C6EFC9B6153B3165000F71E6 /* Images */,
				C666D1D8153B2FE800C339CE /* NDTVAppDelegate.h */,
				C666D1D9153B2FE800C339CE /* NDTVAppDelegate.m */,
				C666D1DB153B2FE800C339CE /* NDTVScheduleView.h */,
				C666D1DC153B2FE800C339CE /* NDTVScheduleView.m */,
				C666D1E9153B2FE800C339CE /* NDTVScheduleView_iPhone.xib */,
				C64F179C153E76CC0061491C /* ShowDetailView.h */,
				C64F179D153E76CC0061491C /* ShowDetailView.m */,
				C64F179E153E76CC0061491C /* ShowDetailView.xib */,
				C666D1E2153B2FE800C339CE /* NDTVNotifyView.h */,
				C666D1E3153B2FE800C339CE /* NDTVNotifyView.m */,
				C666D1EF153B2FE800C339CE /* NDTVNotifyView_iPhone.xib */,
				C666D1D0153B2FE800C339CE /* Supporting Files */,
			);
			path = "Notre Dame Television";
			sourceTree = "<group>";
		};
		C666D1D0153B2FE800C339CE /* Supporting Files */ = {
			isa = PBXGroup;
			children = (
				C666D1D1153B2FE800C339CE /* Notre Dame Television-Info.plist */,
				C666D1D2153B2FE800C339CE /* InfoPlist.strings */,
				C666D1D5153B2FE800C339CE /* main.m */,
				C666D1D7153B2FE800C339CE /* Notre Dame Television-Prefix.pch */,
			);
			name = "Supporting Files";
			sourceTree = "<group>";
		};
		C666D201153B2FE800C339CE /* Notre Dame TelevisionTests */ = {
			isa = PBXGroup;
			children = (
				C666D207153B2FE900C339CE /* Notre_Dame_TelevisionTests.h */,
				C666D208153B2FE900C339CE /* Notre_Dame_TelevisionTests.m */,
				C666D202153B2FE900C339CE /* Supporting Files */,
			);
			path = "Notre Dame TelevisionTests";
			sourceTree = "<group>";
		};
		C666D202153B2FE900C339CE /* Supporting Files */ = {
			isa = PBXGroup;
			children = (
				C666D203153B2FE900C339CE /* Notre Dame TelevisionTests-Info.plist */,
				C666D204153B2FE900C339CE /* InfoPlist.strings */,
			);
			name = "Supporting Files";
			sourceTree = "<group>";
		};
		C6A756B7153C80DC0069D02B /* Buttons */ = {
			isa = PBXGroup;
			children = (
				C65FFFFC1542763600448FCC /* delete.png */,
				C65FFFFD1542763600448FCC /* delete@2x.png */,
				C69893701540F598009FB9C4 /* remind.png */,
				C69893711540F598009FB9C4 /* remind@2x.png */,
				C698937715410ECA009FB9C4 /* cancel_remind.png */,
				C698937815410ECA009FB9C4 /* cancel_remind@2x.png */,
				C64F178C153E6A9D0061491C /* button_sel.png */,
				C64F178D153E6A9D0061491C /* button_sel@2x.png */,
				C64F178E153E6A9D0061491C /* button_today_sel.png */,
				C64F178F153E6A9D0061491C /* button_today_sel@2x.png */,
				C64F1790153E6A9D0061491C /* button_today.png */,
				C64F1791153E6A9D0061491C /* button_today@2x.png */,
				C64F1792153E6A9D0061491C /* button.png */,
				C64F1793153E6A9D0061491C /* button@2x.png */,
			);
			name = Buttons;
			sourceTree = "<group>";
		};
		C6EC3414153B35D000B05E64 /* Table Classes */ = {
			isa = PBXGroup;
			children = (
				C6EC3418153B365300B05E64 /* ScheduleTableCell.h */,
				C6EC3419153B365300B05E64 /* ScheduleTableCell.m */,
				C6EC341B153B367C00B05E64 /* ScheduleTableCell_iPhone.xib */,
				C65FFFF7154271FB00448FCC /* ReminderCell.h */,
				C65FFFF8154271FB00448FCC /* ReminderCell.m */,
				C65FFFFA1542722500448FCC /* ReminderCell.xib */,
			);
			name = "Table Classes";
			sourceTree = "<group>";
		};
		C6EC341F153B3ADB00B05E64 /* Backgrounds */ = {
			isa = PBXGroup;
			children = (
				C65FFFE61542615500448FCC /* Message Center */,
				C6EC3430153B3EEE00B05E64 /* Cell */,
				C6EC3436153B449A00B05E64 /* sched_table_back_iphone.png */,
				C6EC3437153B449A00B05E64 /* sched_table_back_iphone@2x.png */,
			);
			name = Backgrounds;
			sourceTree = "<group>";
		};
		C6EC3430153B3EEE00B05E64 /* Cell */ = {
			isa = PBXGroup;
			children = (
				C6EC3432153B441B00B05E64 /* cell_background_iphone.png */,
				C6EC3433153B441B00B05E64 /* cell_background_iphone@2x.png */,
				C656917A15427EA500BB1ED3 /* remind_cell_back.png */,
				C656917B15427EA500BB1ED3 /* remind_cell_back@2x.png */,
			);
			name = Cell;
			sourceTree = "<group>";
		};
		C6EC3431153B3FF600B05E64 /* Model Classes */ = {
			isa = PBXGroup;
			children = (
				C6EBDE10153B541500896A75 /* ScheduleGrabber.h */,
				C6EBDE11153B541500896A75 /* ScheduleGrabber.m */,
				C6045507153B8877004BAA1E /* ImageDownload.h */,
				C6045508153B8877004BAA1E /* ImageDownload.m */,
			);
			name = "Model Classes";
			sourceTree = "<group>";
		};
		C6EC3444153B480F00B05E64 /* App Icons */ = {
			isa = PBXGroup;
			children = (
				C6EC3442153B480600B05E64 /* icon_ipad.png */,
				C6EC3440153B47FF00B05E64 /* icon_iphone.png */,
				C6EC343E153B47F900B05E64 /* icon_iphone_high.png */,
			);
			name = "App Icons";
			sourceTree = "<group>";
		};
		C6EC3445153B4F7F00B05E64 /* Default Logo */ = {
			isa = PBXGroup;
			children = (
				C6E326CD153FCFE5001C4635 /* detail_generic_logo.png */,
				C6E326CE153FCFE5001C4635 /* detail_generic_logo@2x.png */,
				C6EC3446153B509A00B05E64 /* generic_logo.png */,
			);
			name = "Default Logo";
			sourceTree = "<group>";
		};
		C6EFC9B6153B3165000F71E6 /* Images */ = {
			isa = PBXGroup;
			children = (
				C64F17A1153E77E60061491C /* divider.png */,
				C64F17A5153E78470061491C /* divider@2x.png */,
				C64F176A153E51690061491C /* hud_X.png */,
				C6A756B7153C80DC0069D02B /* Buttons */,
				C6A756B3153C792A0069D02B /* masthead.png */,
				C6A756B4153C792A0069D02B /* masthead@2x.png */,
				C6A756AE153C6AD60069D02B /* now.png */,
				C6A756AF153C6AD60069D02B /* now@2x.png */,
				C656917F154283AF00BB1ED3 /* remind_header.png */,
				C6569180154283AF00BB1ED3 /* remind_header@2x.png */,
				C65691831542850900BB1ED3 /* note.png */,
				C65691841542850900BB1ED3 /* note@2x.png */,
				C65FFFF315426BD100448FCC /* updated.png */,
				C65FFFF415426BD100448FCC /* updated@2x.png */,
				C6EC3445153B4F7F00B05E64 /* Default Logo */,
				C6EC3444153B480F00B05E64 /* App Icons */,
				C6EC341F153B3ADB00B05E64 /* Backgrounds */,
				C6EFC9B8153B316A000F71E6 /* Tab Bar */,
			);
			name = Images;
			sourceTree = "<group>";
		};
		C6EFC9B8153B316A000F71E6 /* Tab Bar */ = {
			isa = PBXGroup;
			children = (
				C6EFC9B9153B3172000F71E6 /* calendar.png */,
				C6EFC9BA153B3172000F71E6 /* calendar@2x.png */,
				C6EC3448153B525000B05E64 /* reminder.png */,
				C6EC3449153B525000B05E64 /* reminder@2x.png */,
			);
			name = "Tab Bar";
			sourceTree = "<group>";
		};
/* End PBXGroup section */

/* Begin PBXNativeTarget section */
		C666D1C4153B2FE800C339CE /* Notre Dame Television */ = {
			isa = PBXNativeTarget;
			buildConfigurationList = C666D20C153B2FE900C339CE /* Build configuration list for PBXNativeTarget "Notre Dame Television" */;
			buildPhases = (
				C666D1C1153B2FE800C339CE /* Sources */,
				C666D1C2153B2FE800C339CE /* Frameworks */,
				C666D1C3153B2FE800C339CE /* Resources */,
			);
			buildRules = (
			);
			dependencies = (
			);
			name = "Notre Dame Television";
			productName = "Notre Dame Television";
			productReference = C666D1C5153B2FE800C339CE /* NDtv.app */;
			productType = "com.apple.product-type.application";
		};
		C666D1F9153B2FE800C339CE /* Notre Dame TelevisionTests */ = {
			isa = PBXNativeTarget;
			buildConfigurationList = C666D20F153B2FE900C339CE /* Build configuration list for PBXNativeTarget "Notre Dame TelevisionTests" */;
			buildPhases = (
				C666D1F5153B2FE800C339CE /* Sources */,
				C666D1F6153B2FE800C339CE /* Frameworks */,
				C666D1F7153B2FE800C339CE /* Resources */,
				C666D1F8153B2FE800C339CE /* ShellScript */,
			);
			buildRules = (
			);
			dependencies = (
				C666D200153B2FE800C339CE /* PBXTargetDependency */,
			);
			name = "Notre Dame TelevisionTests";
			productName = "Notre Dame TelevisionTests";
			productReference = C666D1FA153B2FE800C339CE /* Notre Dame TelevisionTests.octest */;
			productType = "com.apple.product-type.bundle";
		};
/* End PBXNativeTarget section */

/* Begin PBXProject section */
		C666D1BC153B2FE800C339CE /* Project object */ = {
			isa = PBXProject;
			attributes = {
				LastUpgradeCheck = 0420;
			};
			buildConfigurationList = C666D1BF153B2FE800C339CE /* Build configuration list for PBXProject "Notre Dame Television" */;
			compatibilityVersion = "Xcode 3.2";
			developmentRegion = English;
			hasScannedForEncodings = 0;
			knownRegions = (
				en,
			);
			mainGroup = C666D1BA153B2FE800C339CE;
			productRefGroup = C666D1C6153B2FE800C339CE /* Products */;
			projectDirPath = "";
			projectRoot = "";
			targets = (
				C666D1C4153B2FE800C339CE /* Notre Dame Television */,
				C666D1F9153B2FE800C339CE /* Notre Dame TelevisionTests */,
			);
		};
/* End PBXProject section */

/* Begin PBXResourcesBuildPhase section */
		C666D1C3153B2FE800C339CE /* Resources */ = {
			isa = PBXResourcesBuildPhase;
			buildActionMask = 2147483647;
			files = (
				C666D1D4153B2FE800C339CE /* InfoPlist.strings in Resources */,
				C666D1EB153B2FE800C339CE /* NDTVScheduleView_iPhone.xib in Resources */,
				C666D1F1153B2FE800C339CE /* NDTVNotifyView_iPhone.xib in Resources */,
				C6EFC9BB153B3172000F71E6 /* calendar.png in Resources */,
				C6EFC9BC153B3172000F71E6 /* calendar@2x.png in Resources */,
				C6EC341C153B367C00B05E64 /* ScheduleTableCell_iPhone.xib in Resources */,
				C6EC3434153B441B00B05E64 /* cell_background_iphone.png in Resources */,
				C6EC3435153B441B00B05E64 /* cell_background_iphone@2x.png in Resources */,
				C6EC3438153B449A00B05E64 /* sched_table_back_iphone.png in Resources */,
				C6EC3439153B449A00B05E64 /* sched_table_back_iphone@2x.png in Resources */,
				C6EC343F153B47F900B05E64 /* icon_iphone_high.png in Resources */,
				C6EC3441153B47FF00B05E64 /* icon_iphone.png in Resources */,
				C6EC3443153B480600B05E64 /* icon_ipad.png in Resources */,
				C6EC3447153B509A00B05E64 /* generic_logo.png in Resources */,
				C6EC344A153B525000B05E64 /* reminder.png in Resources */,
				C6EC344B153B525000B05E64 /* reminder@2x.png in Resources */,
				C6A756B0153C6AD60069D02B /* now.png in Resources */,
				C6A756B1153C6AD60069D02B /* now@2x.png in Resources */,
				C6A756B5153C792A0069D02B /* masthead.png in Resources */,
				C6A756B6153C792A0069D02B /* masthead@2x.png in Resources */,
				C64F176B153E51690061491C /* hud_X.png in Resources */,
				C64F1794153E6A9D0061491C /* button_sel.png in Resources */,
				C64F1795153E6A9D0061491C /* button_sel@2x.png in Resources */,
				C64F1796153E6A9D0061491C /* button_today_sel.png in Resources */,
				C64F1797153E6A9D0061491C /* button_today_sel@2x.png in Resources */,
				C64F1798153E6A9D0061491C /* button_today.png in Resources */,
				C64F1799153E6A9D0061491C /* button_today@2x.png in Resources */,
				C64F179A153E6A9D0061491C /* button.png in Resources */,
				C64F179B153E6A9D0061491C /* button@2x.png in Resources */,
				C64F17A0153E76CC0061491C /* ShowDetailView.xib in Resources */,
				C64F17A3153E77E60061491C /* divider.png in Resources */,
				C64F17A6153E78470061491C /* divider@2x.png in Resources */,
				C6E326CF153FCFE5001C4635 /* detail_generic_logo.png in Resources */,
				C6E326D0153FCFE5001C4635 /* detail_generic_logo@2x.png in Resources */,
				C69893721540F598009FB9C4 /* remind.png in Resources */,
				C69893731540F598009FB9C4 /* remind@2x.png in Resources */,
				C698937915410ECA009FB9C4 /* cancel_remind.png in Resources */,
				C698937A15410ECA009FB9C4 /* cancel_remind@2x.png in Resources */,
				C65FFFE315425D5F00448FCC /* MessageCenter.xib in Resources */,
				C65FFFED1542620000448FCC /* message_background.png in Resources */,
				C65FFFEE1542620000448FCC /* message_background@2x.png in Resources */,
				C65FFFF515426BD100448FCC /* updated.png in Resources */,
				C65FFFF615426BD100448FCC /* updated@2x.png in Resources */,
				C65FFFFB1542722500448FCC /* ReminderCell.xib in Resources */,
				C65FFFFE1542763600448FCC /* delete.png in Resources */,
				C65FFFFF1542763600448FCC /* delete@2x.png in Resources */,
				C656917C15427EA500BB1ED3 /* remind_cell_back.png in Resources */,
				C656917D15427EA500BB1ED3 /* remind_cell_back@2x.png in Resources */,
				C6569181154283AF00BB1ED3 /* remind_header.png in Resources */,
				C6569182154283AF00BB1ED3 /* remind_header@2x.png in Resources */,
				C65691851542850900BB1ED3 /* note.png in Resources */,
				C65691861542850900BB1ED3 /* note@2x.png in Resources */,
				C69D8A21154324B800F5F801 /* .gitignore in Resources */,
			);
			runOnlyForDeploymentPostprocessing = 0;
		};
		C666D1F7153B2FE800C339CE /* Resources */ = {
			isa = PBXResourcesBuildPhase;
			buildActionMask = 2147483647;
			files = (
				C666D206153B2FE900C339CE /* InfoPlist.strings in Resources */,
			);
			runOnlyForDeploymentPostprocessing = 0;
		};
/* End PBXResourcesBuildPhase section */

/* Begin PBXShellScriptBuildPhase section */
		C666D1F8153B2FE800C339CE /* ShellScript */ = {
			isa = PBXShellScriptBuildPhase;
			buildActionMask = 2147483647;
			files = (
			);
			inputPaths = (
			);
			outputPaths = (
			);
			runOnlyForDeploymentPostprocessing = 0;
			shellPath = /bin/sh;
			shellScript = "# Run the unit tests in this test bundle.\n\"${SYSTEM_DEVELOPER_DIR}/Tools/RunUnitTests\"\n";
		};
/* End PBXShellScriptBuildPhase section */

/* Begin PBXSourcesBuildPhase section */
		C666D1C1153B2FE800C339CE /* Sources */ = {
			isa = PBXSourcesBuildPhase;
			buildActionMask = 2147483647;
			files = (
				C666D1D6153B2FE800C339CE /* main.m in Sources */,
				C666D1DA153B2FE800C339CE /* NDTVAppDelegate.m in Sources */,
				C666D1DD153B2FE800C339CE /* NDTVScheduleView.m in Sources */,
				C666D1E4153B2FE800C339CE /* NDTVNotifyView.m in Sources */,
				C6EC341A153B365300B05E64 /* ScheduleTableCell.m in Sources */,
				C6EBDE12153B541500896A75 /* ScheduleGrabber.m in Sources */,
				C6045509153B8877004BAA1E /* ImageDownload.m in Sources */,
				C64F1769153E50550061491C /* MBProgressHUD.m in Sources */,
				C64F179F153E76CC0061491C /* ShowDetailView.m in Sources */,
				C65FFFE215425D5F00448FCC /* MessageCenter.m in Sources */,
				C65FFFF9154271FB00448FCC /* ReminderCell.m in Sources */,
			);
			runOnlyForDeploymentPostprocessing = 0;
		};
		C666D1F5153B2FE800C339CE /* Sources */ = {
			isa = PBXSourcesBuildPhase;
			buildActionMask = 2147483647;
			files = (
				C666D209153B2FE900C339CE /* Notre_Dame_TelevisionTests.m in Sources */,
			);
			runOnlyForDeploymentPostprocessing = 0;
		};
/* End PBXSourcesBuildPhase section */

/* Begin PBXTargetDependency section */
		C666D200153B2FE800C339CE /* PBXTargetDependency */ = {
			isa = PBXTargetDependency;
			target = C666D1C4153B2FE800C339CE /* Notre Dame Television */;
			targetProxy = C666D1FF153B2FE800C339CE /* PBXContainerItemProxy */;
		};
/* End PBXTargetDependency section */

/* Begin PBXVariantGroup section */
		C666D1D2153B2FE800C339CE /* InfoPlist.strings */ = {
			isa = PBXVariantGroup;
			children = (
				C666D1D3153B2FE800C339CE /* en */,
			);
			name = InfoPlist.strings;
			sourceTree = "<group>";
		};
		C666D1E9153B2FE800C339CE /* NDTVScheduleView_iPhone.xib */ = {
			isa = PBXVariantGroup;
			children = (
				C666D1EA153B2FE800C339CE /* en */,
			);
			name = NDTVScheduleView_iPhone.xib;
			sourceTree = "<group>";
		};
		C666D1EF153B2FE800C339CE /* NDTVNotifyView_iPhone.xib */ = {
			isa = PBXVariantGroup;
			children = (
				C666D1F0153B2FE800C339CE /* en */,
			);
			name = NDTVNotifyView_iPhone.xib;
			sourceTree = "<group>";
		};
		C666D204153B2FE900C339CE /* InfoPlist.strings */ = {
			isa = PBXVariantGroup;
			children = (
				C666D205153B2FE900C339CE /* en */,
			);
			name = InfoPlist.strings;
			sourceTree = "<group>";
		};
/* End PBXVariantGroup section */

/* Begin XCBuildConfiguration section */
		C666D20A153B2FE900C339CE /* Debug */ = {
			isa = XCBuildConfiguration;
			buildSettings = {
				ALWAYS_SEARCH_USER_PATHS = NO;
				ARCHS = "$(ARCHS_STANDARD_32_BIT)";
				CLANG_ENABLE_OBJC_ARC = YES;
				"CODE_SIGN_IDENTITY[sdk=iphoneos*]" = "iPhone Developer";
				COPY_PHASE_STRIP = NO;
				GCC_C_LANGUAGE_STANDARD = gnu99;
				GCC_DYNAMIC_NO_PIC = NO;
				GCC_OPTIMIZATION_LEVEL = 0;
				GCC_PREPROCESSOR_DEFINITIONS = (
					"DEBUG=1",
					"$(inherited)",
				);
				GCC_SYMBOLS_PRIVATE_EXTERN = NO;
				GCC_VERSION = com.apple.compilers.llvm.clang.1_0;
				GCC_WARN_ABOUT_MISSING_PROTOTYPES = YES;
				GCC_WARN_ABOUT_RETURN_TYPE = YES;
				GCC_WARN_UNUSED_VARIABLE = YES;
				IPHONEOS_DEPLOYMENT_TARGET = 5.0;
				SDKROOT = iphoneos;
				TARGETED_DEVICE_FAMILY = "1,2";
			};
			name = Debug;
		};
		C666D20B153B2FE900C339CE /* Release */ = {
			isa = XCBuildConfiguration;
			buildSettings = {
				ALWAYS_SEARCH_USER_PATHS = NO;
				ARCHS = "$(ARCHS_STANDARD_32_BIT)";
				CLANG_ENABLE_OBJC_ARC = YES;
				"CODE_SIGN_IDENTITY[sdk=iphoneos*]" = "iPhone Developer";
				COPY_PHASE_STRIP = YES;
				GCC_C_LANGUAGE_STANDARD = gnu99;
				GCC_VERSION = com.apple.compilers.llvm.clang.1_0;
				GCC_WARN_ABOUT_MISSING_PROTOTYPES = YES;
				GCC_WARN_ABOUT_RETURN_TYPE = YES;
				GCC_WARN_UNUSED_VARIABLE = YES;
				IPHONEOS_DEPLOYMENT_TARGET = 5.0;
				OTHER_CFLAGS = "-DNS_BLOCK_ASSERTIONS=1";
				SDKROOT = iphoneos;
				TARGETED_DEVICE_FAMILY = "1,2";
				VALIDATE_PRODUCT = YES;
			};
			name = Release;
		};
		C666D20D153B2FE900C339CE /* Debug */ = {
			isa = XCBuildConfiguration;
			buildSettings = {
				CODE_SIGN_IDENTITY = "iPhone Developer: Kevin Li (WRQ36R9DJK)";
				GCC_PRECOMPILE_PREFIX_HEADER = YES;
				GCC_PREFIX_HEADER = "Notre Dame Television/Notre Dame Television-Prefix.pch";
				INFOPLIST_FILE = "Notre Dame Television/Notre Dame Television-Info.plist";
				PRODUCT_NAME = NDtv;
				PROVISIONING_PROFILE = "4B30C32C-BD9F-4401-ACD2-3BFAA6DF5D1B";
				TARGETED_DEVICE_FAMILY = 1;
				WRAPPER_EXTENSION = app;
			};
			name = Debug;
		};
		C666D20E153B2FE900C339CE /* Release */ = {
			isa = XCBuildConfiguration;
			buildSettings = {
				CODE_SIGN_IDENTITY = "iPhone Developer: Kevin Li (WRQ36R9DJK)";
				GCC_PRECOMPILE_PREFIX_HEADER = YES;
				GCC_PREFIX_HEADER = "Notre Dame Television/Notre Dame Television-Prefix.pch";
				INFOPLIST_FILE = "Notre Dame Television/Notre Dame Television-Info.plist";
				PRODUCT_NAME = NDtv;
				PROVISIONING_PROFILE = "4B30C32C-BD9F-4401-ACD2-3BFAA6DF5D1B";
				TARGETED_DEVICE_FAMILY = 1;
				WRAPPER_EXTENSION = app;
			};
			name = Release;
		};
		C666D210153B2FE900C339CE /* Debug */ = {
			isa = XCBuildConfiguration;
			buildSettings = {
				BUNDLE_LOADER = "$(BUILT_PRODUCTS_DIR)/Notre Dame Television.app/Notre Dame Television";
				FRAMEWORK_SEARCH_PATHS = (
					"$(SDKROOT)/Developer/Library/Frameworks",
					"$(DEVELOPER_LIBRARY_DIR)/Frameworks",
				);
				GCC_PRECOMPILE_PREFIX_HEADER = YES;
				GCC_PREFIX_HEADER = "Notre Dame Television/Notre Dame Television-Prefix.pch";
				INFOPLIST_FILE = "Notre Dame TelevisionTests/Notre Dame TelevisionTests-Info.plist";
				PRODUCT_NAME = "$(TARGET_NAME)";
				TEST_HOST = "$(BUNDLE_LOADER)";
				WRAPPER_EXTENSION = octest;
			};
			name = Debug;
		};
		C666D211153B2FE900C339CE /* Release */ = {
			isa = XCBuildConfiguration;
			buildSettings = {
				BUNDLE_LOADER = "$(BUILT_PRODUCTS_DIR)/Notre Dame Television.app/Notre Dame Television";
				FRAMEWORK_SEARCH_PATHS = (
					"$(SDKROOT)/Developer/Library/Frameworks",
					"$(DEVELOPER_LIBRARY_DIR)/Frameworks",
				);
				GCC_PRECOMPILE_PREFIX_HEADER = YES;
				GCC_PREFIX_HEADER = "Notre Dame Television/Notre Dame Television-Prefix.pch";
				INFOPLIST_FILE = "Notre Dame TelevisionTests/Notre Dame TelevisionTests-Info.plist";
				PRODUCT_NAME = "$(TARGET_NAME)";
				TEST_HOST = "$(BUNDLE_LOADER)";
				WRAPPER_EXTENSION = octest;
			};
			name = Release;
		};
/* End XCBuildConfiguration section */

/* Begin XCConfigurationList section */
		C666D1BF153B2FE800C339CE /* Build configuration list for PBXProject "Notre Dame Television" */ = {
			isa = XCConfigurationList;
			buildConfigurations = (
				C666D20A153B2FE900C339CE /* Debug */,
				C666D20B153B2FE900C339CE /* Release */,
			);
			defaultConfigurationIsVisible = 0;
			defaultConfigurationName = Release;
		};
		C666D20C153B2FE900C339CE /* Build configuration list for PBXNativeTarget "Notre Dame Television" */ = {
			isa = XCConfigurationList;
			buildConfigurations = (
				C666D20D153B2FE900C339CE /* Debug */,
				C666D20E153B2FE900C339CE /* Release */,
			);
			defaultConfigurationIsVisible = 0;
			defaultConfigurationName = Release;
		};
		C666D20F153B2FE900C339CE /* Build configuration list for PBXNativeTarget "Notre Dame TelevisionTests" */ = {
			isa = XCConfigurationList;
			buildConfigurations = (
				C666D210153B2FE900C339CE /* Debug */,
				C666D211153B2FE900C339CE /* Release */,
			);
			defaultConfigurationIsVisible = 0;
			defaultConfigurationName = Release;
		};
/* End XCConfigurationList section */
	};
	rootObject = C666D1BC153B2FE800C339CE /* Project object */;
}
